
Microsoft Visual Studio Solution File, Format Version 12.00
# Visual Studio Version 16
VisualStudioVersion = 16.0.31205.134
MinimumVisualStudioVersion = 10.0.40219.1
Project("{FAE04EC0-301F-11D3-BF4B-00C04F79EFBC}") = "AuthWebAPI_Demo", "AuthWebAPI_Demo.csproj", "{BA357427-6706-4588-AC3D-3FFA8D96FAF4}"
EndProject
Global
	GlobalSection(SolutionConfigurationPlatforms) = preSolution
		Debug|Any CPU = Debug|Any CPU
		Release|Any CPU = Release|Any CPU
	EndGlobalSection
	GlobalSection(ProjectConfigurationPlatforms) = postSolution
		{BA357427-6706-4588-AC3D-3FFA8D96FAF4}.Debug|Any CPU.ActiveCfg = Debug|Any CPU
		{BA357427-6706-4588-AC3D-3FFA8D96FAF4}.Debug|Any CPU.Build.0 = Debug|Any CPU
		{BA357427-6706-4588-AC3D-3FFA8D96FAF4}.Release|Any CPU.ActiveCfg = Release|Any CPU
		{BA357427-6706-4588-AC3D-3FFA8D96FAF4}.Release|Any CPU.Build.0 = Release|Any CPU
	EndGlobalSection
	GlobalSection(SolutionProperties) = preSolution
		HideSolutionNode = FALSE
	EndGlobalSection
	GlobalSection(ExtensibilityGlobals) = postSolution
		SolutionGuid = {2DD734E3-891E-4889-842C-C2532349E9B2}
	EndGlobalSection
EndGlobal
